
Microsoft Visual Studio Solution File, Format Version 12.00
# Visual Studio Version 17
VisualStudioVersion = 17.6.33829.357
MinimumVisualStudioVersion = 10.0.40219.1
Project("{FAE04EC0-301F-11D3-BF4B-00C04F79EFBC}") = "dafka #.Android", "dafka #\dafka #.Android\dafka #.Android.csproj", "{FE153330-D7BD-4880-9548-996A5082C40C}"
EndProject
Project("{FAE04EC0-301F-11D3-BF4B-00C04F79EFBC}") = "dafka #.iOS", "dafka #\dafka #.iOS\dafka #.iOS.csproj", "{7812353D-7AC6-4DE6-943E-E18AE7F25CA4}"
EndProject
Project("{9A19103F-16F7-4668-BE54-9A1E7A4F7556}") = "dafka #", "dafka #\dafka #\dafka #.csproj", "{2E7C5E7C-A0B0-48A8-BBFA-19B585C39452}"
EndProject
Global
	GlobalSection(SolutionConfigurationPlatforms) = preSolution
		Debug|Any CPU = Debug|Any CPU
		Debug|iPhone = Debug|iPhone
		Debug|iPhoneSimulator = Debug|iPhoneSimulator
		Release|Any CPU = Release|Any CPU
		Release|iPhone = Release|iPhone
		Release|iPhoneSimulator = Release|iPhoneSimulator
	EndGlobalSection
	GlobalSection(ProjectConfigurationPlatforms) = postSolution
		{FE153330-D7BD-4880-9548-996A5082C40C}.Debug|Any CPU.ActiveCfg = Debug|Any CPU
		{FE153330-D7BD-4880-9548-996A5082C40C}.Debug|Any CPU.Build.0 = Debug|Any CPU
		{FE153330-D7BD-4880-9548-996A5082C40C}.Debug|Any CPU.Deploy.0 = Debug|Any CPU
		{FE153330-D7BD-4880-9548-996A5082C40C}.Debug|iPhone.ActiveCfg = Debug|Any CPU
		{FE153330-D7BD-4880-9548-996A5082C40C}.Debug|iPhone.Build.0 = Debug|Any CPU
		{FE153330-D7BD-4880-9548-996A5082C40C}.Debug|iPhone.Deploy.0 = Debug|Any CPU
		{FE153330-D7BD-4880-9548-996A5082C40C}.Debug|iPhoneSimulator.ActiveCfg = Debug|Any CPU
		{FE153330-D7BD-4880-9548-996A5082C40C}.Debug|iPhoneSimulator.Build.0 = Debug|Any CPU
		{FE153330-D7BD-4880-9548-996A5082C40C}.Debug|iPhoneSimulator.Deploy.0 = Debug|Any CPU
		{FE153330-D7BD-4880-9548-996A5082C40C}.Release|Any CPU.ActiveCfg = Release|Any CPU
		{FE153330-D7BD-4880-9548-996A5082C40C}.Release|Any CPU.Build.0 = Release|Any CPU
		{FE153330-D7BD-4880-9548-996A5082C40C}.Release|Any CPU.Deploy.0 = Release|Any CPU
		{FE153330-D7BD-4880-9548-996A5082C40C}.Release|iPhone.ActiveCfg = Release|Any CPU
		{FE153330-D7BD-4880-9548-996A5082C40C}.Release|iPhone.Build.0 = Release|Any CPU
		{FE153330-D7BD-4880-9548-996A5082C40C}.Release|iPhone.Deploy.0 = Release|Any CPU
		{FE153330-D7BD-4880-9548-996A5082C40C}.Release|iPhoneSimulator.ActiveCfg = Release|Any CPU
		{FE153330-D7BD-4880-9548-996A5082C40C}.Release|iPhoneSimulator.Build.0 = Release|Any CPU
		{FE153330-D7BD-4880-9548-996A5082C40C}.Release|iPhoneSimulator.Deploy.0 = Release|Any CPU
		{7812353D-7AC6-4DE6-943E-E18AE7F25CA4}.Debug|Any CPU.ActiveCfg = Debug|iPhone
		{7812353D-7AC6-4DE6-943E-E18AE7F25CA4}.Debug|Any CPU.Build.0 = Debug|iPhone
		{7812353D-7AC6-4DE6-943E-E18AE7F25CA4}.Debug|Any CPU.Deploy.0 = Debug|iPhone
		{7812353D-7AC6-4DE6-943E-E18AE7F25CA4}.Debug|iPhone.ActiveCfg = Debug|iPhone
		{7812353D-7AC6-4DE6-943E-E18AE7F25CA4}.Debug|iPhone.Build.0 = Debug|iPhone
		{7812353D-7AC6-4DE6-943E-E18AE7F25CA4}.Debug|iPhone.Deploy.0 = Debug|iPhone
		{7812353D-7AC6-4DE6-943E-E18AE7F25CA4}.Debug|iPhoneSimulator.ActiveCfg = Debug|iPhoneSimulator
		{7812353D-7AC6-4DE6-943E-E18AE7F25CA4}.Debug|iPhoneSimulator.Build.0 = Debug|iPhoneSimulator
		{7812353D-7AC6-4DE6-943E-E18AE7F25CA4}.Debug|iPhoneSimulator.Deploy.0 = Debug|iPhoneSimulator
		{7812353D-7AC6-4DE6-943E-E18AE7F25CA4}.Release|Any CPU.ActiveCfg = Release|iPhoneSimulator
		{7812353D-7AC6-4DE6-943E-E18AE7F25CA4}.Release|Any CPU.Build.0 = Release|iPhoneSimulator
		{7812353D-7AC6-4DE6-943E-E18AE7F25CA4}.Release|Any CPU.Deploy.0 = Release|iPhoneSimulator
		{7812353D-7AC6-4DE6-943E-E18AE7F25CA4}.Release|iPhone.ActiveCfg = Release|iPhone
		{7812353D-7AC6-4DE6-943E-E18AE7F25CA4}.Release|iPhone.Build.0 = Release|iPhone
		{7812353D-7AC6-4DE6-943E-E18AE7F25CA4}.Release|iPhone.Deploy.0 = Release|iPhone
		{7812353D-7AC6-4DE6-943E-E18AE7F25CA4}.Release|iPhoneSimulator.ActiveCfg = Release|iPhoneSimulator
		{7812353D-7AC6-4DE6-943E-E18AE7F25CA4}.Release|iPhoneSimulator.Build.0 = Release|iPhoneSimulator
		{7812353D-7AC6-4DE6-943E-E18AE7F25CA4}.Release|iPhoneSimulator.Deploy.0 = Release|iPhoneSimulator
		{2E7C5E7C-A0B0-48A8-BBFA-19B585C39452}.Debug|Any CPU.ActiveCfg = Debug|Any CPU
		{2E7C5E7C-A0B0-48A8-BBFA-19B585C39452}.Debug|Any CPU.Build.0 = Debug|Any CPU
		{2E7C5E7C-A0B0-48A8-BBFA-19B585C39452}.Debug|Any CPU.Deploy.0 = Debug|Any CPU
		{2E7C5E7C-A0B0-48A8-BBFA-19B585C39452}.Debug|iPhone.ActiveCfg = Debug|Any CPU
		{2E7C5E7C-A0B0-48A8-BBFA-19B585C39452}.Debug|iPhone.Build.0 = Debug|Any CPU
		{2E7C5E7C-A0B0-48A8-BBFA-19B585C39452}.Debug|iPhone.Deploy.0 = Debug|Any CPU
		{2E7C5E7C-A0B0-48A8-BBFA-19B585C39452}.Debug|iPhoneSimulator.ActiveCfg = Debug|Any CPU
		{2E7C5E7C-A0B0-48A8-BBFA-19B585C39452}.Debug|iPhoneSimulator.Build.0 = Debug|Any CPU
		{2E7C5E7C-A0B0-48A8-BBFA-19B585C39452}.Debug|iPhoneSimulator.Deploy.0 = Debug|Any CPU
		{2E7C5E7C-A0B0-48A8-BBFA-19B585C39452}.Release|Any CPU.ActiveCfg = Release|Any CPU
		{2E7C5E7C-A0B0-48A8-BBFA-19B585C39452}.Release|Any CPU.Build.0 = Release|Any CPU
		{2E7C5E7C-A0B0-48A8-BBFA-19B585C39452}.Release|Any CPU.Deploy.0 = Release|Any CPU
		{2E7C5E7C-A0B0-48A8-BBFA-19B585C39452}.Release|iPhone.ActiveCfg = Release|Any CPU
		{2E7C5E7C-A0B0-48A8-BBFA-19B585C39452}.Release|iPhone.Build.0 = Release|Any CPU
		{2E7C5E7C-A0B0-48A8-BBFA-19B585C39452}.Release|iPhone.Deploy.0 = Release|Any CPU
		{2E7C5E7C-A0B0-48A8-BBFA-19B585C39452}.Release|iPhoneSimulator.ActiveCfg = Release|Any CPU
		{2E7C5E7C-A0B0-48A8-BBFA-19B585C39452}.Release|iPhoneSimulator.Build.0 = Release|Any CPU
		{2E7C5E7C-A0B0-48A8-BBFA-19B585C39452}.Release|iPhoneSimulator.Deploy.0 = Release|Any CPU
	EndGlobalSection
	GlobalSection(SolutionProperties) = preSolution
		HideSolutionNode = FALSE
	EndGlobalSection
	GlobalSection(ExtensibilityGlobals) = postSolution
		SolutionGuid = {88C62870-7366-44E4-B3B0-C044E2B7B2D4}
	EndGlobalSection
EndGlobal
